
Microsoft Visual Studio Solution File, Format Version 12.00
# Visual Studio 2012
Project("{FAE04EC0-301F-11D3-BF4B-00C04F79EFBC}") = "Custom.Elasticsearch.Framework", "Custom.Elasticsearch.Framework\Custom.Elasticsearch.Framework.csproj", "{A39FD2D8-BBEF-4612-AA04-61973B0CC547}"
EndProject
Project("{FAE04EC0-301F-11D3-BF4B-00C04F79EFBC}") = "Custom.DebuggerVisualizer.V12", "Custom.DebuggerVisualizer\Custom.DebuggerVisualizer.V12.csproj", "{E8F524D5-C401-4742-AE5F-DE346D793BDA}"
EndProject
Project("{FAE04EC0-301F-11D3-BF4B-00C04F79EFBC}") = "Custom.Template", "Custom.Template\Custom.Template.csproj", "{4D44CA13-AF10-48A1-A169-864889EA11F2}"
EndProject
Project("{FAE04EC0-301F-11D3-BF4B-00C04F79EFBC}") = "Custom.SqlClr.RegexEx", "Custom.SqlClr.RegexEx\Custom.SqlClr.RegexEx.csproj", "{597EC9E0-E868-4EB4-8794-AE5A75FB0A34}"
EndProject
Project("{FAE04EC0-301F-11D3-BF4B-00C04F79EFBC}") = "Custom.CustomControl", "Custom.CustomControl\Custom.CustomControl.csproj", "{B4A8A066-774A-48DC-A7A6-7C6959617393}"
EndProject
Project("{FAE04EC0-301F-11D3-BF4B-00C04F79EFBC}") = "Custom.Basic.Framework", "Custom.Basic.Framework\Custom.Basic.Framework.csproj", "{891C560B-D253-4FB9-86B5-47DFE11E898F}"
EndProject
Project("{FAE04EC0-301F-11D3-BF4B-00C04F79EFBC}") = "Custom.Basic.Framework.Test", "Custom.Basic.Framework.Test\Custom.Basic.Framework.Test.csproj", "{A1049CA9-0BFA-474A-B1B0-0ADCD95A2600}"
EndProject
Project("{2150E333-8FDC-42A3-9474-1A3956D46DE8}") = "1 Custom.Basic.Framework", "1 Custom.Basic.Framework", "{EA1996E8-67F0-40A2-B3A4-39DB68626276}"
EndProject
Project("{2150E333-8FDC-42A3-9474-1A3956D46DE8}") = "2 Visual Studio", "2 Visual Studio", "{F30ADAA3-61F3-4E46-B365-4CCC1C49A147}"
EndProject
Project("{2150E333-8FDC-42A3-9474-1A3956D46DE8}") = "3 Elasticsearch", "3 Elasticsearch", "{BB0E9317-66D4-4688-8484-AFA6489A89E1}"
EndProject
Project("{2150E333-8FDC-42A3-9474-1A3956D46DE8}") = "4 SQL Server", "4 SQL Server", "{FE041439-6754-4D44-8CA7-6D84B57D9CFA}"
EndProject
Project("{2150E333-8FDC-42A3-9474-1A3956D46DE8}") = "5 Winform", "5 Winform", "{0D6861C7-14B8-4F89-ABCD-3183CECECB9F}"
EndProject
Project("{2150E333-8FDC-42A3-9474-1A3956D46DE8}") = "6 T4 Template", "6 T4 Template", "{ED08C089-10FF-435C-AD7D-5A33982DE1BC}"
EndProject
Project("{2150E333-8FDC-42A3-9474-1A3956D46DE8}") = "7 Examples", "7 Examples", "{37C42EAF-9C53-45E9-AC69-A792CD508BF0}"
EndProject
Project("{FAE04EC0-301F-11D3-BF4B-00C04F79EFBC}") = "Custom.Examples", "Custom.Examples\Custom.Examples.csproj", "{1CC7CC4C-67CE-44AF-ADAB-71BD8562AFD1}"
EndProject
Project("{FAE04EC0-301F-11D3-BF4B-00C04F79EFBC}") = "Custom.Winform.Examples", "Custom.Winform.Examples\Custom.Winform.Examples.csproj", "{83C4E268-8AA1-4D4D-AFC0-3D76D823379F}"
EndProject
Project("{FAE04EC0-301F-11D3-BF4B-00C04F79EFBC}") = "Custom.Webform.Examples", "Custom.Webform.Examples\Custom.Webform.Examples.csproj", "{496999A3-6E12-4F39-8D8F-857305C59BFC}"
EndProject
Global
	GlobalSection(SolutionConfigurationPlatforms) = preSolution
		Debug|Any CPU = Debug|Any CPU
		Release|Any CPU = Release|Any CPU
	EndGlobalSection
	GlobalSection(ProjectConfigurationPlatforms) = postSolution
		{A39FD2D8-BBEF-4612-AA04-61973B0CC547}.Debug|Any CPU.ActiveCfg = Debug|Any CPU
		{A39FD2D8-BBEF-4612-AA04-61973B0CC547}.Debug|Any CPU.Build.0 = Debug|Any CPU
		{A39FD2D8-BBEF-4612-AA04-61973B0CC547}.Release|Any CPU.ActiveCfg = Release|Any CPU
		{A39FD2D8-BBEF-4612-AA04-61973B0CC547}.Release|Any CPU.Build.0 = Release|Any CPU
		{E8F524D5-C401-4742-AE5F-DE346D793BDA}.Debug|Any CPU.ActiveCfg = Debug|Any CPU
		{E8F524D5-C401-4742-AE5F-DE346D793BDA}.Debug|Any CPU.Build.0 = Debug|Any CPU
		{E8F524D5-C401-4742-AE5F-DE346D793BDA}.Release|Any CPU.ActiveCfg = Release|Any CPU
		{E8F524D5-C401-4742-AE5F-DE346D793BDA}.Release|Any CPU.Build.0 = Release|Any CPU
		{4D44CA13-AF10-48A1-A169-864889EA11F2}.Debug|Any CPU.ActiveCfg = Debug|Any CPU
		{4D44CA13-AF10-48A1-A169-864889EA11F2}.Debug|Any CPU.Build.0 = Debug|Any CPU
		{4D44CA13-AF10-48A1-A169-864889EA11F2}.Release|Any CPU.ActiveCfg = Release|Any CPU
		{4D44CA13-AF10-48A1-A169-864889EA11F2}.Release|Any CPU.Build.0 = Release|Any CPU
		{597EC9E0-E868-4EB4-8794-AE5A75FB0A34}.Debug|Any CPU.ActiveCfg = Debug|Any CPU
		{597EC9E0-E868-4EB4-8794-AE5A75FB0A34}.Debug|Any CPU.Build.0 = Debug|Any CPU
		{597EC9E0-E868-4EB4-8794-AE5A75FB0A34}.Release|Any CPU.ActiveCfg = Release|Any CPU
		{597EC9E0-E868-4EB4-8794-AE5A75FB0A34}.Release|Any CPU.Build.0 = Release|Any CPU
		{B4A8A066-774A-48DC-A7A6-7C6959617393}.Debug|Any CPU.ActiveCfg = Debug|Any CPU
		{B4A8A066-774A-48DC-A7A6-7C6959617393}.Debug|Any CPU.Build.0 = Debug|Any CPU
		{B4A8A066-774A-48DC-A7A6-7C6959617393}.Release|Any CPU.ActiveCfg = Release|Any CPU
		{B4A8A066-774A-48DC-A7A6-7C6959617393}.Release|Any CPU.Build.0 = Release|Any CPU
		{891C560B-D253-4FB9-86B5-47DFE11E898F}.Debug|Any CPU.ActiveCfg = Debug|Any CPU
		{891C560B-D253-4FB9-86B5-47DFE11E898F}.Debug|Any CPU.Build.0 = Debug|Any CPU
		{891C560B-D253-4FB9-86B5-47DFE11E898F}.Release|Any CPU.ActiveCfg = Release|Any CPU
		{891C560B-D253-4FB9-86B5-47DFE11E898F}.Release|Any CPU.Build.0 = Release|Any CPU
		{A1049CA9-0BFA-474A-B1B0-0ADCD95A2600}.Debug|Any CPU.ActiveCfg = Debug|Any CPU
		{A1049CA9-0BFA-474A-B1B0-0ADCD95A2600}.Debug|Any CPU.Build.0 = Debug|Any CPU
		{A1049CA9-0BFA-474A-B1B0-0ADCD95A2600}.Release|Any CPU.ActiveCfg = Release|Any CPU
		{A1049CA9-0BFA-474A-B1B0-0ADCD95A2600}.Release|Any CPU.Build.0 = Release|Any CPU
		{1CC7CC4C-67CE-44AF-ADAB-71BD8562AFD1}.Debug|Any CPU.ActiveCfg = Debug|Any CPU
		{1CC7CC4C-67CE-44AF-ADAB-71BD8562AFD1}.Debug|Any CPU.Build.0 = Debug|Any CPU
		{1CC7CC4C-67CE-44AF-ADAB-71BD8562AFD1}.Release|Any CPU.ActiveCfg = Release|Any CPU
		{1CC7CC4C-67CE-44AF-ADAB-71BD8562AFD1}.Release|Any CPU.Build.0 = Release|Any CPU
		{83C4E268-8AA1-4D4D-AFC0-3D76D823379F}.Debug|Any CPU.ActiveCfg = Debug|Any CPU
		{83C4E268-8AA1-4D4D-AFC0-3D76D823379F}.Debug|Any CPU.Build.0 = Debug|Any CPU
		{83C4E268-8AA1-4D4D-AFC0-3D76D823379F}.Release|Any CPU.ActiveCfg = Release|Any CPU
		{83C4E268-8AA1-4D4D-AFC0-3D76D823379F}.Release|Any CPU.Build.0 = Release|Any CPU
		{496999A3-6E12-4F39-8D8F-857305C59BFC}.Debug|Any CPU.ActiveCfg = Debug|Any CPU
		{496999A3-6E12-4F39-8D8F-857305C59BFC}.Debug|Any CPU.Build.0 = Debug|Any CPU
		{496999A3-6E12-4F39-8D8F-857305C59BFC}.Release|Any CPU.ActiveCfg = Release|Any CPU
		{496999A3-6E12-4F39-8D8F-857305C59BFC}.Release|Any CPU.Build.0 = Release|Any CPU
	EndGlobalSection
	GlobalSection(SolutionProperties) = preSolution
		HideSolutionNode = FALSE
	EndGlobalSection
	GlobalSection(NestedProjects) = preSolution
		{A39FD2D8-BBEF-4612-AA04-61973B0CC547} = {BB0E9317-66D4-4688-8484-AFA6489A89E1}
		{E8F524D5-C401-4742-AE5F-DE346D793BDA} = {F30ADAA3-61F3-4E46-B365-4CCC1C49A147}
		{597EC9E0-E868-4EB4-8794-AE5A75FB0A34} = {FE041439-6754-4D44-8CA7-6D84B57D9CFA}
		{B4A8A066-774A-48DC-A7A6-7C6959617393} = {0D6861C7-14B8-4F89-ABCD-3183CECECB9F}
		{A1049CA9-0BFA-474A-B1B0-0ADCD95A2600} = {EA1996E8-67F0-40A2-B3A4-39DB68626276}
		{891C560B-D253-4FB9-86B5-47DFE11E898F} = {EA1996E8-67F0-40A2-B3A4-39DB68626276}
		{1CC7CC4C-67CE-44AF-ADAB-71BD8562AFD1} = {37C42EAF-9C53-45E9-AC69-A792CD508BF0}
		{83C4E268-8AA1-4D4D-AFC0-3D76D823379F} = {37C42EAF-9C53-45E9-AC69-A792CD508BF0}
		{496999A3-6E12-4F39-8D8F-857305C59BFC} = {37C42EAF-9C53-45E9-AC69-A792CD508BF0}
	EndGlobalSection
EndGlobal
