
Microsoft Visual Studio Solution File, Format Version 12.00
# Visual Studio 2012
Project("{FAE04EC0-301F-11D3-BF4B-00C04F79EFBC}") = "Custom.DebuggerVisualizer.V12", "Custom.DebuggerVisualizer\Custom.DebuggerVisualizer.V12.csproj", "{E8F524D5-C401-4742-AE5F-DE346D793BDA}"
EndProject
Project("{FAE04EC0-301F-11D3-BF4B-00C04F79EFBC}") = "Custom.DebuggerVisualizer.V12Test", "Custom.DebuggerVisualizer.V12Test\Custom.DebuggerVisualizer.V12Test.csproj", "{7E71EBE6-21E8-422F-85B1-C63601EE04FA}"
EndProject
Global
	GlobalSection(SolutionConfigurationPlatforms) = preSolution
		Debug|Any CPU = Debug|Any CPU
		Release|Any CPU = Release|Any CPU
	EndGlobalSection
	GlobalSection(ProjectConfigurationPlatforms) = postSolution
		{E8F524D5-C401-4742-AE5F-DE346D793BDA}.Debug|Any CPU.ActiveCfg = Debug|Any CPU
		{E8F524D5-C401-4742-AE5F-DE346D793BDA}.Debug|Any CPU.Build.0 = Debug|Any CPU
		{E8F524D5-C401-4742-AE5F-DE346D793BDA}.Release|Any CPU.ActiveCfg = Release|Any CPU
		{E8F524D5-C401-4742-AE5F-DE346D793BDA}.Release|Any CPU.Build.0 = Release|Any CPU
		{7E71EBE6-21E8-422F-85B1-C63601EE04FA}.Debug|Any CPU.ActiveCfg = Debug|Any CPU
		{7E71EBE6-21E8-422F-85B1-C63601EE04FA}.Debug|Any CPU.Build.0 = Debug|Any CPU
		{7E71EBE6-21E8-422F-85B1-C63601EE04FA}.Release|Any CPU.ActiveCfg = Release|Any CPU
		{7E71EBE6-21E8-422F-85B1-C63601EE04FA}.Release|Any CPU.Build.0 = Release|Any CPU
	EndGlobalSection
	GlobalSection(SolutionProperties) = preSolution
		HideSolutionNode = FALSE
	EndGlobalSection
EndGlobal
