
Microsoft Visual Studio Solution File, Format Version 12.00
# Visual Studio 2012
Project("{FAE04EC0-301F-11D3-BF4B-00C04F79EFBC}") = "Custom.Elasticsearch.Framework", "Custom.Elasticsearch.Framework\Custom.Elasticsearch.Framework.csproj", "{A39FD2D8-BBEF-4612-AA04-61973B0CC547}"
EndProject
Project("{FAE04EC0-301F-11D3-BF4B-00C04F79EFBC}") = "Custom.DebuggerVisualizer.V12", "Custom.DebuggerVisualizer\Custom.DebuggerVisualizer.V12.csproj", "{E8F524D5-C401-4742-AE5F-DE346D793BDA}"
EndProject
Project("{FAE04EC0-301F-11D3-BF4B-00C04F79EFBC}") = "Custom.Template", "Custom.Template\Custom.Template.csproj", "{4D44CA13-AF10-48A1-A169-864889EA11F2}"
EndProject
Project("{FAE04EC0-301F-11D3-BF4B-00C04F79EFBC}") = "Custom.SqlClr.RegexEx", "Custom.SqlClr.RegexEx\Custom.SqlClr.RegexEx.csproj", "{597EC9E0-E868-4EB4-8794-AE5A75FB0A34}"
EndProject
Project("{FAE04EC0-301F-11D3-BF4B-00C04F79EFBC}") = "Custom.CustomControl", "Custom.CustomControl\Custom.CustomControl.csproj", "{B4A8A066-774A-48DC-A7A6-7C6959617393}"
EndProject
Global
	GlobalSection(SolutionConfigurationPlatforms) = preSolution
		Debug|Any CPU = Debug|Any CPU
		Release|Any CPU = Release|Any CPU
	EndGlobalSection
	GlobalSection(ProjectConfigurationPlatforms) = postSolution
		{A39FD2D8-BBEF-4612-AA04-61973B0CC547}.Debug|Any CPU.ActiveCfg = Debug|Any CPU
		{A39FD2D8-BBEF-4612-AA04-61973B0CC547}.Debug|Any CPU.Build.0 = Debug|Any CPU
		{A39FD2D8-BBEF-4612-AA04-61973B0CC547}.Release|Any CPU.ActiveCfg = Release|Any CPU
		{A39FD2D8-BBEF-4612-AA04-61973B0CC547}.Release|Any CPU.Build.0 = Release|Any CPU
		{E8F524D5-C401-4742-AE5F-DE346D793BDA}.Debug|Any CPU.ActiveCfg = Debug|Any CPU
		{E8F524D5-C401-4742-AE5F-DE346D793BDA}.Debug|Any CPU.Build.0 = Debug|Any CPU
		{E8F524D5-C401-4742-AE5F-DE346D793BDA}.Release|Any CPU.ActiveCfg = Release|Any CPU
		{E8F524D5-C401-4742-AE5F-DE346D793BDA}.Release|Any CPU.Build.0 = Release|Any CPU
		{4D44CA13-AF10-48A1-A169-864889EA11F2}.Debug|Any CPU.ActiveCfg = Debug|Any CPU
		{4D44CA13-AF10-48A1-A169-864889EA11F2}.Debug|Any CPU.Build.0 = Debug|Any CPU
		{4D44CA13-AF10-48A1-A169-864889EA11F2}.Release|Any CPU.ActiveCfg = Release|Any CPU
		{4D44CA13-AF10-48A1-A169-864889EA11F2}.Release|Any CPU.Build.0 = Release|Any CPU
		{597EC9E0-E868-4EB4-8794-AE5A75FB0A34}.Debug|Any CPU.ActiveCfg = Debug|Any CPU
		{597EC9E0-E868-4EB4-8794-AE5A75FB0A34}.Debug|Any CPU.Build.0 = Debug|Any CPU
		{597EC9E0-E868-4EB4-8794-AE5A75FB0A34}.Release|Any CPU.ActiveCfg = Release|Any CPU
		{597EC9E0-E868-4EB4-8794-AE5A75FB0A34}.Release|Any CPU.Build.0 = Release|Any CPU
		{B4A8A066-774A-48DC-A7A6-7C6959617393}.Debug|Any CPU.ActiveCfg = Debug|Any CPU
		{B4A8A066-774A-48DC-A7A6-7C6959617393}.Debug|Any CPU.Build.0 = Debug|Any CPU
		{B4A8A066-774A-48DC-A7A6-7C6959617393}.Release|Any CPU.ActiveCfg = Release|Any CPU
		{B4A8A066-774A-48DC-A7A6-7C6959617393}.Release|Any CPU.Build.0 = Release|Any CPU
	EndGlobalSection
	GlobalSection(SolutionProperties) = preSolution
		HideSolutionNode = FALSE
	EndGlobalSection
EndGlobal
